
Microsoft Visual Studio Solution File, Format Version 12.00
# Visual Studio 15
VisualStudioVersion = 15.0.28010.2046
MinimumVisualStudioVersion = 10.0.40219.1
Project("{FAE04EC0-301F-11D3-BF4B-00C04F79EFBC}") = "ToDoList", "ToDoList\ToDoList.csproj", "{CA45055D-2347-45B2-9C9D-A1B13ADA828E}"
EndProject
Global
	GlobalSection(SolutionConfigurationPlatforms) = preSolution
		Debug|Any CPU = Debug|Any CPU
		Release|Any CPU = Release|Any CPU
	EndGlobalSection
	GlobalSection(ProjectConfigurationPlatforms) = postSolution
		{CA45055D-2347-45B2-9C9D-A1B13ADA828E}.Debug|Any CPU.ActiveCfg = Debug|Any CPU
		{CA45055D-2347-45B2-9C9D-A1B13ADA828E}.Debug|Any CPU.Build.0 = Debug|Any CPU
		{CA45055D-2347-45B2-9C9D-A1B13ADA828E}.Release|Any CPU.ActiveCfg = Release|Any CPU
		{CA45055D-2347-45B2-9C9D-A1B13ADA828E}.Release|Any CPU.Build.0 = Release|Any CPU
	EndGlobalSection
	GlobalSection(SolutionProperties) = preSolution
		HideSolutionNode = FALSE
	EndGlobalSection
	GlobalSection(ExtensibilityGlobals) = postSolution
		SolutionGuid = {E059DD15-869E-4F12-BC07-4B6001DDA177}
	EndGlobalSection
EndGlobal
